
Microsoft Visual Studio Solution File, Format Version 12.00
# Visual Studio Version 16
VisualStudioVersion = 16.0.31205.134
MinimumVisualStudioVersion = 10.0.40219.1
Project("{FAE04EC0-301F-11D3-BF4B-00C04F79EFBC}") = "PatikaOdev1.4", "PatikaOdev1.4.csproj", "{DE2B9213-83CD-4EAA-A6C8-411C22EF38D3}"
EndProject
Global
	GlobalSection(SolutionConfigurationPlatforms) = preSolution
		Debug|Any CPU = Debug|Any CPU
		Release|Any CPU = Release|Any CPU
	EndGlobalSection
	GlobalSection(ProjectConfigurationPlatforms) = postSolution
		{DE2B9213-83CD-4EAA-A6C8-411C22EF38D3}.Debug|Any CPU.ActiveCfg = Debug|Any CPU
		{DE2B9213-83CD-4EAA-A6C8-411C22EF38D3}.Debug|Any CPU.Build.0 = Debug|Any CPU
		{DE2B9213-83CD-4EAA-A6C8-411C22EF38D3}.Release|Any CPU.ActiveCfg = Release|Any CPU
		{DE2B9213-83CD-4EAA-A6C8-411C22EF38D3}.Release|Any CPU.Build.0 = Release|Any CPU
	EndGlobalSection
	GlobalSection(SolutionProperties) = preSolution
		HideSolutionNode = FALSE
	EndGlobalSection
	GlobalSection(ExtensibilityGlobals) = postSolution
		SolutionGuid = {C2549DEF-9D77-4A53-9AA1-180EBAB433B6}
	EndGlobalSection
EndGlobal
