
Microsoft Visual Studio Solution File, Format Version 12.00
# Visual Studio Version 16
VisualStudioVersion = 16.0.31205.134
MinimumVisualStudioVersion = 10.0.40219.1
Project("{FAE04EC0-301F-11D3-BF4B-00C04F79EFBC}") = "StaticClass", "StaticClass.csproj", "{EF8D580C-AC36-4F4C-B45C-2AC204FD49D5}"
EndProject
Global
	GlobalSection(SolutionConfigurationPlatforms) = preSolution
		Debug|Any CPU = Debug|Any CPU
		Release|Any CPU = Release|Any CPU
	EndGlobalSection
	GlobalSection(ProjectConfigurationPlatforms) = postSolution
		{EF8D580C-AC36-4F4C-B45C-2AC204FD49D5}.Debug|Any CPU.ActiveCfg = Debug|Any CPU
		{EF8D580C-AC36-4F4C-B45C-2AC204FD49D5}.Debug|Any CPU.Build.0 = Debug|Any CPU
		{EF8D580C-AC36-4F4C-B45C-2AC204FD49D5}.Release|Any CPU.ActiveCfg = Release|Any CPU
		{EF8D580C-AC36-4F4C-B45C-2AC204FD49D5}.Release|Any CPU.Build.0 = Release|Any CPU
	EndGlobalSection
	GlobalSection(SolutionProperties) = preSolution
		HideSolutionNode = FALSE
	EndGlobalSection
	GlobalSection(ExtensibilityGlobals) = postSolution
		SolutionGuid = {4494CE71-AF34-4D49-8D94-C8EB36B3AC00}
	EndGlobalSection
EndGlobal
