
Microsoft Visual Studio Solution File, Format Version 12.00
# Visual Studio Version 16
VisualStudioVersion = 16.0.31205.134
MinimumVisualStudioVersion = 10.0.40219.1
Project("{FAE04EC0-301F-11D3-BF4B-00C04F79EFBC}") = "MethodOverloading.Patika", "MethodOverloading.Patika.csproj", "{376A5CB3-7F32-4C6A-93B9-1799BDF29C0B}"
EndProject
Global
	GlobalSection(SolutionConfigurationPlatforms) = preSolution
		Debug|Any CPU = Debug|Any CPU
		Release|Any CPU = Release|Any CPU
	EndGlobalSection
	GlobalSection(ProjectConfigurationPlatforms) = postSolution
		{376A5CB3-7F32-4C6A-93B9-1799BDF29C0B}.Debug|Any CPU.ActiveCfg = Debug|Any CPU
		{376A5CB3-7F32-4C6A-93B9-1799BDF29C0B}.Debug|Any CPU.Build.0 = Debug|Any CPU
		{376A5CB3-7F32-4C6A-93B9-1799BDF29C0B}.Release|Any CPU.ActiveCfg = Release|Any CPU
		{376A5CB3-7F32-4C6A-93B9-1799BDF29C0B}.Release|Any CPU.Build.0 = Release|Any CPU
	EndGlobalSection
	GlobalSection(SolutionProperties) = preSolution
		HideSolutionNode = FALSE
	EndGlobalSection
	GlobalSection(ExtensibilityGlobals) = postSolution
		SolutionGuid = {05450C81-E2D3-43A2-9F08-F9C62C9C3322}
	EndGlobalSection
EndGlobal
