
Microsoft Visual Studio Solution File, Format Version 12.00
# Visual Studio Version 16
VisualStudioVersion = 16.0.31205.134
MinimumVisualStudioVersion = 10.0.40219.1
Project("{FAE04EC0-301F-11D3-BF4B-00C04F79EFBC}") = "Recursive Extension metotlar", "Recursive Extension metotlar.csproj", "{C14F34C8-6B47-42F2-AEDD-5B4BA63BF5DB}"
EndProject
Global
	GlobalSection(SolutionConfigurationPlatforms) = preSolution
		Debug|Any CPU = Debug|Any CPU
		Release|Any CPU = Release|Any CPU
	EndGlobalSection
	GlobalSection(ProjectConfigurationPlatforms) = postSolution
		{C14F34C8-6B47-42F2-AEDD-5B4BA63BF5DB}.Debug|Any CPU.ActiveCfg = Debug|Any CPU
		{C14F34C8-6B47-42F2-AEDD-5B4BA63BF5DB}.Debug|Any CPU.Build.0 = Debug|Any CPU
		{C14F34C8-6B47-42F2-AEDD-5B4BA63BF5DB}.Release|Any CPU.ActiveCfg = Release|Any CPU
		{C14F34C8-6B47-42F2-AEDD-5B4BA63BF5DB}.Release|Any CPU.Build.0 = Release|Any CPU
	EndGlobalSection
	GlobalSection(SolutionProperties) = preSolution
		HideSolutionNode = FALSE
	EndGlobalSection
	GlobalSection(ExtensibilityGlobals) = postSolution
		SolutionGuid = {C4788A04-FDF3-416E-8DC5-87E0B5B3E26C}
	EndGlobalSection
EndGlobal
