
Microsoft Visual Studio Solution File, Format Version 12.00
# Visual Studio Version 16
VisualStudioVersion = 16.0.31205.134
MinimumVisualStudioVersion = 10.0.40219.1
Project("{FAE04EC0-301F-11D3-BF4B-00C04F79EFBC}") = "String Metotlar", "String Metotlar.csproj", "{F8EA255F-D62F-482E-BB33-CA060EE28E12}"
EndProject
Global
	GlobalSection(SolutionConfigurationPlatforms) = preSolution
		Debug|Any CPU = Debug|Any CPU
		Release|Any CPU = Release|Any CPU
	EndGlobalSection
	GlobalSection(ProjectConfigurationPlatforms) = postSolution
		{F8EA255F-D62F-482E-BB33-CA060EE28E12}.Debug|Any CPU.ActiveCfg = Debug|Any CPU
		{F8EA255F-D62F-482E-BB33-CA060EE28E12}.Debug|Any CPU.Build.0 = Debug|Any CPU
		{F8EA255F-D62F-482E-BB33-CA060EE28E12}.Release|Any CPU.ActiveCfg = Release|Any CPU
		{F8EA255F-D62F-482E-BB33-CA060EE28E12}.Release|Any CPU.Build.0 = Release|Any CPU
	EndGlobalSection
	GlobalSection(SolutionProperties) = preSolution
		HideSolutionNode = FALSE
	EndGlobalSection
	GlobalSection(ExtensibilityGlobals) = postSolution
		SolutionGuid = {44784264-989C-4737-8C44-6F5EE8DC8F5E}
	EndGlobalSection
EndGlobal
